
Microsoft Visual Studio Solution File, Format Version 12.00
# Visual Studio Version 16
VisualStudioVersion = 16.0.30114.105
MinimumVisualStudioVersion = 10.0.40219.1
Project("{FAE04EC0-301F-11D3-BF4B-00C04F79EFBC}") = "API", "API\API.csproj", "{F295BFD9-655D-4A63-BCF0-FE445CF347FC}"
EndProject
Project("{FAE04EC0-301F-11D3-BF4B-00C04F79EFBC}") = "Application", "Application\Application.csproj", "{49F95DFA-7B90-48B8-9D7E-9CC6D272007F}"
EndProject
Project("{FAE04EC0-301F-11D3-BF4B-00C04F79EFBC}") = "Persistence", "Persistence\Persistence.csproj", "{8BE25FF3-8255-48DF-BBC5-447C556A1597}"
EndProject
Project("{FAE04EC0-301F-11D3-BF4B-00C04F79EFBC}") = "Domain", "Domain\Domain.csproj", "{40F883CE-4884-4880-8BFD-DCEA28DD9E93}"
EndProject
Global
	GlobalSection(SolutionConfigurationPlatforms) = preSolution
		Debug|Any CPU = Debug|Any CPU
		Release|Any CPU = Release|Any CPU
	EndGlobalSection
	GlobalSection(SolutionProperties) = preSolution
		HideSolutionNode = FALSE
	EndGlobalSection
	GlobalSection(ProjectConfigurationPlatforms) = postSolution
		{F295BFD9-655D-4A63-BCF0-FE445CF347FC}.Debug|Any CPU.ActiveCfg = Debug|Any CPU
		{F295BFD9-655D-4A63-BCF0-FE445CF347FC}.Debug|Any CPU.Build.0 = Debug|Any CPU
		{F295BFD9-655D-4A63-BCF0-FE445CF347FC}.Release|Any CPU.ActiveCfg = Release|Any CPU
		{F295BFD9-655D-4A63-BCF0-FE445CF347FC}.Release|Any CPU.Build.0 = Release|Any CPU
		{49F95DFA-7B90-48B8-9D7E-9CC6D272007F}.Debug|Any CPU.ActiveCfg = Debug|Any CPU
		{49F95DFA-7B90-48B8-9D7E-9CC6D272007F}.Debug|Any CPU.Build.0 = Debug|Any CPU
		{49F95DFA-7B90-48B8-9D7E-9CC6D272007F}.Release|Any CPU.ActiveCfg = Release|Any CPU
		{49F95DFA-7B90-48B8-9D7E-9CC6D272007F}.Release|Any CPU.Build.0 = Release|Any CPU
		{8BE25FF3-8255-48DF-BBC5-447C556A1597}.Debug|Any CPU.ActiveCfg = Debug|Any CPU
		{8BE25FF3-8255-48DF-BBC5-447C556A1597}.Debug|Any CPU.Build.0 = Debug|Any CPU
		{8BE25FF3-8255-48DF-BBC5-447C556A1597}.Release|Any CPU.ActiveCfg = Release|Any CPU
		{8BE25FF3-8255-48DF-BBC5-447C556A1597}.Release|Any CPU.Build.0 = Release|Any CPU
		{40F883CE-4884-4880-8BFD-DCEA28DD9E93}.Debug|Any CPU.ActiveCfg = Debug|Any CPU
		{40F883CE-4884-4880-8BFD-DCEA28DD9E93}.Debug|Any CPU.Build.0 = Debug|Any CPU
		{40F883CE-4884-4880-8BFD-DCEA28DD9E93}.Release|Any CPU.ActiveCfg = Release|Any CPU
		{40F883CE-4884-4880-8BFD-DCEA28DD9E93}.Release|Any CPU.Build.0 = Release|Any CPU
	EndGlobalSection
EndGlobal
